
Microsoft Visual Studio Solution File, Format Version 12.00
# Visual Studio Version 17
VisualStudioVersion = 17.4.33213.308
MinimumVisualStudioVersion = 10.0.40219.1
Project("{FAE04EC0-301F-11D3-BF4B-00C04F79EFBC}") = "VGTUlab1", "VGTUlab1\VGTUlab1.csproj", "{8D537E4D-8995-4831-88AA-434221832941}"
EndProject
Global
	GlobalSection(SolutionConfigurationPlatforms) = preSolution
		Debug|Any CPU = Debug|Any CPU
		Release|Any CPU = Release|Any CPU
	EndGlobalSection
	GlobalSection(ProjectConfigurationPlatforms) = postSolution
		{8D537E4D-8995-4831-88AA-434221832941}.Debug|Any CPU.ActiveCfg = Debug|Any CPU
		{8D537E4D-8995-4831-88AA-434221832941}.Debug|Any CPU.Build.0 = Debug|Any CPU
		{8D537E4D-8995-4831-88AA-434221832941}.Release|Any CPU.ActiveCfg = Release|Any CPU
		{8D537E4D-8995-4831-88AA-434221832941}.Release|Any CPU.Build.0 = Release|Any CPU
	EndGlobalSection
	GlobalSection(SolutionProperties) = preSolution
		HideSolutionNode = FALSE
	EndGlobalSection
	GlobalSection(ExtensibilityGlobals) = postSolution
		SolutionGuid = {4C847345-A413-4F32-9560-791C51739500}
	EndGlobalSection
EndGlobal
